schema: '2.0'
stages:
  load_data:
    cmd: python src/load_data.py --config=params.yaml
    deps:
    - path: data_given/winequality.csv
      md5: ccc8d3507eb151f53f760d36abdef888
      size: 91998
    - path: src/get_data.py
      md5: 7e462b96522de393f4b8ebf0a2877d79
      size: 620
    - path: src/load_data.py
      md5: a0382e50873307c6addc2ac2ceac3546
      size: 597
    outs:
    - path: data/raw/winequality.csv
      md5: 4c61c464c7ce6816f54f3d5ffc860526
      size: 93590
