schema: '2.0'
stages:
  load_data:
    cmd: python src/load_data.py --config=params.yaml
    deps:
    - path: data_given/winequality.csv
      md5: ccc8d3507eb151f53f760d36abdef888
      size: 91998
    - path: src/get_data.py
      md5: 7e462b96522de393f4b8ebf0a2877d79
      size: 620
    - path: src/load_data.py
      md5: a0382e50873307c6addc2ac2ceac3546
      size: 597
    outs:
    - path: data/raw/winequality.csv
      md5: 4c61c464c7ce6816f54f3d5ffc860526
      size: 93590
  split_data:
    cmd: python src/split_data.py --config=params.yaml
    deps:
    - path: data/raw/winequality.csv
      md5: 4c61c464c7ce6816f54f3d5ffc860526
      size: 93590
    - path: src/split_data.py
      md5: fd86a38b6236d16506cf9df274766ce6
      size: 1003
    outs:
    - path: data/processed/test_winequality.csv
      md5: 0977390649317d2cedba77d253c68f8c
      size: 23510
    - path: data/processed/train_winequality.csv
      md5: a47ea97f43287d633c88e5aaba45e30d
      size: 70218
  train_and_evaluate:
    cmd: python src/train_and_evaluate.py --config=params.yaml
    deps:
    - path: data/processed/test_winequality.csv
      md5: 0977390649317d2cedba77d253c68f8c
      size: 23510
    - path: data/processed/train_winequality.csv
      md5: a47ea97f43287d633c88e5aaba45e30d
      size: 70218
    - path: src/train_and_evaluate.py
      md5: 028a54610e615f7c41729796c6c82672
      size: 2413
    params:
      params.yaml:
        estimators.ElasticNet.params.alpha: 0.9
        estimators.ElasticNet.params.l1_ratio: 0.4
    outs:
    - path: report/params.json
      md5: ac190d2bd9c78c477e63e3ed9e9c7126
      size: 44
    - path: report/scores.json
      md5: f2280a0b3ecc32cb092e049626536591
      size: 101
    - path: saved_models/model.joblib
      md5: b325f7c4d9d6babefe2e9b03b4da42bf
      size: 1215
